
Microsoft Visual Studio Solution File, Format Version 12.00
# Visual Studio 15
VisualStudioVersion = 15.0.28307.421
MinimumVisualStudioVersion = 10.0.40219.1
Project("{FAE04EC0-301F-11D3-BF4B-00C04F79EFBC}") = "Kickstart.Android", "Kickstart\Kickstart.Android\Kickstart.Android.csproj", "{AFF6794E-66B9-4B4E-84FE-89BAF26B9A7A}"
EndProject
Project("{FAE04EC0-301F-11D3-BF4B-00C04F79EFBC}") = "Kickstart.iOS", "Kickstart\Kickstart.iOS\Kickstart.iOS.csproj", "{1582D654-BFCD-48A7-B8AF-7D8729675D52}"
EndProject
Project("{9A19103F-16F7-4668-BE54-9A1E7A4F7556}") = "Kickstart", "Kickstart\Kickstart\Kickstart.csproj", "{9DBB9275-4196-448B-BE8B-943CACDE251F}"
EndProject
Global
	GlobalSection(SolutionConfigurationPlatforms) = preSolution
		Ad-Hoc|Any CPU = Ad-Hoc|Any CPU
		Ad-Hoc|iPhone = Ad-Hoc|iPhone
		Ad-Hoc|iPhoneSimulator = Ad-Hoc|iPhoneSimulator
		AppStore|Any CPU = AppStore|Any CPU
		AppStore|iPhone = AppStore|iPhone
		AppStore|iPhoneSimulator = AppStore|iPhoneSimulator
		Debug|Any CPU = Debug|Any CPU
		Debug|iPhone = Debug|iPhone
		Debug|iPhoneSimulator = Debug|iPhoneSimulator
		Release|Any CPU = Release|Any CPU
		Release|iPhone = Release|iPhone
		Release|iPhoneSimulator = Release|iPhoneSimulator
	EndGlobalSection
	GlobalSection(ProjectConfigurationPlatforms) = postSolution
		{AFF6794E-66B9-4B4E-84FE-89BAF26B9A7A}.Ad-Hoc|Any CPU.ActiveCfg = Release|Any CPU
		{AFF6794E-66B9-4B4E-84FE-89BAF26B9A7A}.Ad-Hoc|Any CPU.Build.0 = Release|Any CPU
		{AFF6794E-66B9-4B4E-84FE-89BAF26B9A7A}.Ad-Hoc|Any CPU.Deploy.0 = Release|Any CPU
		{AFF6794E-66B9-4B4E-84FE-89BAF26B9A7A}.Ad-Hoc|iPhone.ActiveCfg = Release|Any CPU
		{AFF6794E-66B9-4B4E-84FE-89BAF26B9A7A}.Ad-Hoc|iPhone.Build.0 = Release|Any CPU
		{AFF6794E-66B9-4B4E-84FE-89BAF26B9A7A}.Ad-Hoc|iPhone.Deploy.0 = Release|Any CPU
		{AFF6794E-66B9-4B4E-84FE-89BAF26B9A7A}.Ad-Hoc|iPhoneSimulator.ActiveCfg = Release|Any CPU
		{AFF6794E-66B9-4B4E-84FE-89BAF26B9A7A}.Ad-Hoc|iPhoneSimulator.Build.0 = Release|Any CPU
		{AFF6794E-66B9-4B4E-84FE-89BAF26B9A7A}.Ad-Hoc|iPhoneSimulator.Deploy.0 = Release|Any CPU
		{AFF6794E-66B9-4B4E-84FE-89BAF26B9A7A}.AppStore|Any CPU.ActiveCfg = Release|Any CPU
		{AFF6794E-66B9-4B4E-84FE-89BAF26B9A7A}.AppStore|Any CPU.Build.0 = Release|Any CPU
		{AFF6794E-66B9-4B4E-84FE-89BAF26B9A7A}.AppStore|Any CPU.Deploy.0 = Release|Any CPU
		{AFF6794E-66B9-4B4E-84FE-89BAF26B9A7A}.AppStore|iPhone.ActiveCfg = Release|Any CPU
		{AFF6794E-66B9-4B4E-84FE-89BAF26B9A7A}.AppStore|iPhone.Build.0 = Release|Any CPU
		{AFF6794E-66B9-4B4E-84FE-89BAF26B9A7A}.AppStore|iPhone.Deploy.0 = Release|Any CPU
		{AFF6794E-66B9-4B4E-84FE-89BAF26B9A7A}.AppStore|iPhoneSimulator.ActiveCfg = Release|Any CPU
		{AFF6794E-66B9-4B4E-84FE-89BAF26B9A7A}.AppStore|iPhoneSimulator.Build.0 = Release|Any CPU
		{AFF6794E-66B9-4B4E-84FE-89BAF26B9A7A}.AppStore|iPhoneSimulator.Deploy.0 = Release|Any CPU
		{AFF6794E-66B9-4B4E-84FE-89BAF26B9A7A}.Debug|Any CPU.ActiveCfg = Debug|Any CPU
		{AFF6794E-66B9-4B4E-84FE-89BAF26B9A7A}.Debug|Any CPU.Build.0 = Debug|Any CPU
		{AFF6794E-66B9-4B4E-84FE-89BAF26B9A7A}.Debug|Any CPU.Deploy.0 = Debug|Any CPU
		{AFF6794E-66B9-4B4E-84FE-89BAF26B9A7A}.Debug|iPhone.ActiveCfg = Debug|Any CPU
		{AFF6794E-66B9-4B4E-84FE-89BAF26B9A7A}.Debug|iPhone.Build.0 = Debug|Any CPU
		{AFF6794E-66B9-4B4E-84FE-89BAF26B9A7A}.Debug|iPhone.Deploy.0 = Debug|Any CPU
		{AFF6794E-66B9-4B4E-84FE-89BAF26B9A7A}.Debug|iPhoneSimulator.ActiveCfg = Debug|Any CPU
		{AFF6794E-66B9-4B4E-84FE-89BAF26B9A7A}.Debug|iPhoneSimulator.Build.0 = Debug|Any CPU
		{AFF6794E-66B9-4B4E-84FE-89BAF26B9A7A}.Debug|iPhoneSimulator.Deploy.0 = Debug|Any CPU
		{AFF6794E-66B9-4B4E-84FE-89BAF26B9A7A}.Release|Any CPU.ActiveCfg = Release|Any CPU
		{AFF6794E-66B9-4B4E-84FE-89BAF26B9A7A}.Release|Any CPU.Build.0 = Release|Any CPU
		{AFF6794E-66B9-4B4E-84FE-89BAF26B9A7A}.Release|Any CPU.Deploy.0 = Release|Any CPU
		{AFF6794E-66B9-4B4E-84FE-89BAF26B9A7A}.Release|iPhone.ActiveCfg = Release|Any CPU
		{AFF6794E-66B9-4B4E-84FE-89BAF26B9A7A}.Release|iPhone.Build.0 = Release|Any CPU
		{AFF6794E-66B9-4B4E-84FE-89BAF26B9A7A}.Release|iPhone.Deploy.0 = Release|Any CPU
		{AFF6794E-66B9-4B4E-84FE-89BAF26B9A7A}.Release|iPhoneSimulator.ActiveCfg = Release|Any CPU
		{AFF6794E-66B9-4B4E-84FE-89BAF26B9A7A}.Release|iPhoneSimulator.Build.0 = Release|Any CPU
		{AFF6794E-66B9-4B4E-84FE-89BAF26B9A7A}.Release|iPhoneSimulator.Deploy.0 = Release|Any CPU
		{1582D654-BFCD-48A7-B8AF-7D8729675D52}.Ad-Hoc|Any CPU.ActiveCfg = Ad-Hoc|iPhone
		{1582D654-BFCD-48A7-B8AF-7D8729675D52}.Ad-Hoc|Any CPU.Build.0 = Ad-Hoc|iPhone
		{1582D654-BFCD-48A7-B8AF-7D8729675D52}.Ad-Hoc|Any CPU.Deploy.0 = Ad-Hoc|iPhone
		{1582D654-BFCD-48A7-B8AF-7D8729675D52}.Ad-Hoc|iPhone.ActiveCfg = Ad-Hoc|iPhone
		{1582D654-BFCD-48A7-B8AF-7D8729675D52}.Ad-Hoc|iPhone.Build.0 = Ad-Hoc|iPhone
		{1582D654-BFCD-48A7-B8AF-7D8729675D52}.Ad-Hoc|iPhone.Deploy.0 = Ad-Hoc|iPhone
		{1582D654-BFCD-48A7-B8AF-7D8729675D52}.Ad-Hoc|iPhoneSimulator.ActiveCfg = Ad-Hoc|iPhoneSimulator
		{1582D654-BFCD-48A7-B8AF-7D8729675D52}.Ad-Hoc|iPhoneSimulator.Build.0 = Ad-Hoc|iPhoneSimulator
		{1582D654-BFCD-48A7-B8AF-7D8729675D52}.Ad-Hoc|iPhoneSimulator.Deploy.0 = Ad-Hoc|iPhoneSimulator
		{1582D654-BFCD-48A7-B8AF-7D8729675D52}.AppStore|Any CPU.ActiveCfg = AppStore|iPhone
		{1582D654-BFCD-48A7-B8AF-7D8729675D52}.AppStore|Any CPU.Build.0 = AppStore|iPhone
		{1582D654-BFCD-48A7-B8AF-7D8729675D52}.AppStore|Any CPU.Deploy.0 = AppStore|iPhone
		{1582D654-BFCD-48A7-B8AF-7D8729675D52}.AppStore|iPhone.ActiveCfg = AppStore|iPhone
		{1582D654-BFCD-48A7-B8AF-7D8729675D52}.AppStore|iPhone.Build.0 = AppStore|iPhone
		{1582D654-BFCD-48A7-B8AF-7D8729675D52}.AppStore|iPhone.Deploy.0 = AppStore|iPhone
		{1582D654-BFCD-48A7-B8AF-7D8729675D52}.AppStore|iPhoneSimulator.ActiveCfg = AppStore|iPhoneSimulator
		{1582D654-BFCD-48A7-B8AF-7D8729675D52}.AppStore|iPhoneSimulator.Build.0 = AppStore|iPhoneSimulator
		{1582D654-BFCD-48A7-B8AF-7D8729675D52}.AppStore|iPhoneSimulator.Deploy.0 = AppStore|iPhoneSimulator
		{1582D654-BFCD-48A7-B8AF-7D8729675D52}.Debug|Any CPU.ActiveCfg = Debug|iPhoneSimulator
		{1582D654-BFCD-48A7-B8AF-7D8729675D52}.Debug|Any CPU.Build.0 = Debug|iPhoneSimulator
		{1582D654-BFCD-48A7-B8AF-7D8729675D52}.Debug|Any CPU.Deploy.0 = Debug|iPhoneSimulator
		{1582D654-BFCD-48A7-B8AF-7D8729675D52}.Debug|iPhone.ActiveCfg = Debug|iPhone
		{1582D654-BFCD-48A7-B8AF-7D8729675D52}.Debug|iPhone.Build.0 = Debug|iPhone
		{1582D654-BFCD-48A7-B8AF-7D8729675D52}.Debug|iPhone.Deploy.0 = Debug|iPhone
		{1582D654-BFCD-48A7-B8AF-7D8729675D52}.Debug|iPhoneSimulator.ActiveCfg = Debug|iPhoneSimulator
		{1582D654-BFCD-48A7-B8AF-7D8729675D52}.Debug|iPhoneSimulator.Build.0 = Debug|iPhoneSimulator
		{1582D654-BFCD-48A7-B8AF-7D8729675D52}.Debug|iPhoneSimulator.Deploy.0 = Debug|iPhoneSimulator
		{1582D654-BFCD-48A7-B8AF-7D8729675D52}.Release|Any CPU.ActiveCfg = Release|iPhone
		{1582D654-BFCD-48A7-B8AF-7D8729675D52}.Release|Any CPU.Build.0 = Release|iPhone
		{1582D654-BFCD-48A7-B8AF-7D8729675D52}.Release|Any CPU.Deploy.0 = Release|iPhone
		{1582D654-BFCD-48A7-B8AF-7D8729675D52}.Release|iPhone.ActiveCfg = Release|iPhone
		{1582D654-BFCD-48A7-B8AF-7D8729675D52}.Release|iPhone.Build.0 = Release|iPhone
		{1582D654-BFCD-48A7-B8AF-7D8729675D52}.Release|iPhone.Deploy.0 = Release|iPhone
		{1582D654-BFCD-48A7-B8AF-7D8729675D52}.Release|iPhoneSimulator.ActiveCfg = Release|iPhoneSimulator
		{1582D654-BFCD-48A7-B8AF-7D8729675D52}.Release|iPhoneSimulator.Build.0 = Release|iPhoneSimulator
		{1582D654-BFCD-48A7-B8AF-7D8729675D52}.Release|iPhoneSimulator.Deploy.0 = Release|iPhoneSimulator
		{9DBB9275-4196-448B-BE8B-943CACDE251F}.Ad-Hoc|Any CPU.ActiveCfg = Debug|Any CPU
		{9DBB9275-4196-448B-BE8B-943CACDE251F}.Ad-Hoc|Any CPU.Build.0 = Debug|Any CPU
		{9DBB9275-4196-448B-BE8B-943CACDE251F}.Ad-Hoc|Any CPU.Deploy.0 = Debug|Any CPU
		{9DBB9275-4196-448B-BE8B-943CACDE251F}.Ad-Hoc|iPhone.ActiveCfg = Debug|Any CPU
		{9DBB9275-4196-448B-BE8B-943CACDE251F}.Ad-Hoc|iPhone.Build.0 = Debug|Any CPU
		{9DBB9275-4196-448B-BE8B-943CACDE251F}.Ad-Hoc|iPhone.Deploy.0 = Debug|Any CPU
		{9DBB9275-4196-448B-BE8B-943CACDE251F}.Ad-Hoc|iPhoneSimulator.ActiveCfg = Debug|Any CPU
		{9DBB9275-4196-448B-BE8B-943CACDE251F}.Ad-Hoc|iPhoneSimulator.Build.0 = Debug|Any CPU
		{9DBB9275-4196-448B-BE8B-943CACDE251F}.Ad-Hoc|iPhoneSimulator.Deploy.0 = Debug|Any CPU
		{9DBB9275-4196-448B-BE8B-943CACDE251F}.AppStore|Any CPU.ActiveCfg = Debug|Any CPU
		{9DBB9275-4196-448B-BE8B-943CACDE251F}.AppStore|Any CPU.Build.0 = Debug|Any CPU
		{9DBB9275-4196-448B-BE8B-943CACDE251F}.AppStore|Any CPU.Deploy.0 = Debug|Any CPU
		{9DBB9275-4196-448B-BE8B-943CACDE251F}.AppStore|iPhone.ActiveCfg = Debug|Any CPU
		{9DBB9275-4196-448B-BE8B-943CACDE251F}.AppStore|iPhone.Build.0 = Debug|Any CPU
		{9DBB9275-4196-448B-BE8B-943CACDE251F}.AppStore|iPhone.Deploy.0 = Debug|Any CPU
		{9DBB9275-4196-448B-BE8B-943CACDE251F}.AppStore|iPhoneSimulator.ActiveCfg = Debug|Any CPU
		{9DBB9275-4196-448B-BE8B-943CACDE251F}.AppStore|iPhoneSimulator.Build.0 = Debug|Any CPU
		{9DBB9275-4196-448B-BE8B-943CACDE251F}.AppStore|iPhoneSimulator.Deploy.0 = Debug|Any CPU
		{9DBB9275-4196-448B-BE8B-943CACDE251F}.Debug|Any CPU.ActiveCfg = Debug|Any CPU
		{9DBB9275-4196-448B-BE8B-943CACDE251F}.Debug|Any CPU.Build.0 = Debug|Any CPU
		{9DBB9275-4196-448B-BE8B-943CACDE251F}.Debug|Any CPU.Deploy.0 = Debug|Any CPU
		{9DBB9275-4196-448B-BE8B-943CACDE251F}.Debug|iPhone.ActiveCfg = Debug|Any CPU
		{9DBB9275-4196-448B-BE8B-943CACDE251F}.Debug|iPhone.Build.0 = Debug|Any CPU
		{9DBB9275-4196-448B-BE8B-943CACDE251F}.Debug|iPhone.Deploy.0 = Debug|Any CPU
		{9DBB9275-4196-448B-BE8B-943CACDE251F}.Debug|iPhoneSimulator.ActiveCfg = Debug|Any CPU
		{9DBB9275-4196-448B-BE8B-943CACDE251F}.Debug|iPhoneSimulator.Build.0 = Debug|Any CPU
		{9DBB9275-4196-448B-BE8B-943CACDE251F}.Debug|iPhoneSimulator.Deploy.0 = Debug|Any CPU
		{9DBB9275-4196-448B-BE8B-943CACDE251F}.Release|Any CPU.ActiveCfg = Release|Any CPU
		{9DBB9275-4196-448B-BE8B-943CACDE251F}.Release|Any CPU.Build.0 = Release|Any CPU
		{9DBB9275-4196-448B-BE8B-943CACDE251F}.Release|Any CPU.Deploy.0 = Release|Any CPU
		{9DBB9275-4196-448B-BE8B-943CACDE251F}.Release|iPhone.ActiveCfg = Release|Any CPU
		{9DBB9275-4196-448B-BE8B-943CACDE251F}.Release|iPhone.Build.0 = Release|Any CPU
		{9DBB9275-4196-448B-BE8B-943CACDE251F}.Release|iPhone.Deploy.0 = Release|Any CPU
		{9DBB9275-4196-448B-BE8B-943CACDE251F}.Release|iPhoneSimulator.ActiveCfg = Release|Any CPU
		{9DBB9275-4196-448B-BE8B-943CACDE251F}.Release|iPhoneSimulator.Build.0 = Release|Any CPU
		{9DBB9275-4196-448B-BE8B-943CACDE251F}.Release|iPhoneSimulator.Deploy.0 = Release|Any CPU
	EndGlobalSection
	GlobalSection(SolutionProperties) = preSolution
		HideSolutionNode = FALSE
	EndGlobalSection
	GlobalSection(ExtensibilityGlobals) = postSolution
		SolutionGuid = {A4084977-938A-4D6D-BAA3-EDEE6B045D84}
	EndGlobalSection
EndGlobal
